
Microsoft Visual Studio Solution File, Format Version 12.00
# Visual Studio Version 17
VisualStudioVersion = 17.0.31717.71
MinimumVisualStudioVersion = 10.0.40219.1
Project("{FAE04EC0-301F-11D3-BF4B-00C04F79EFBC}") = "BusinessRulesEngine", "BusinessRulesEngine\BusinessRulesEngine.csproj", "{6B58DD82-BD95-4252-849D-03C9148F7B27}"
EndProject
Project("{FAE04EC0-301F-11D3-BF4B-00C04F79EFBC}") = "BusinessRulesEngine.Tests", "BusinessRulesEngine.Tests\BusinessRulesEngine.Tests.csproj", "{24043FBD-F2FC-45BE-B3A6-B096B83412A0}"
EndProject
Global
	GlobalSection(SolutionConfigurationPlatforms) = preSolution
		Debug|Any CPU = Debug|Any CPU
		Release|Any CPU = Release|Any CPU
	EndGlobalSection
	GlobalSection(ProjectConfigurationPlatforms) = postSolution
		{6B58DD82-BD95-4252-849D-03C9148F7B27}.Debug|Any CPU.ActiveCfg = Debug|Any CPU
		{6B58DD82-BD95-4252-849D-03C9148F7B27}.Debug|Any CPU.Build.0 = Debug|Any CPU
		{6B58DD82-BD95-4252-849D-03C9148F7B27}.Release|Any CPU.ActiveCfg = Release|Any CPU
		{6B58DD82-BD95-4252-849D-03C9148F7B27}.Release|Any CPU.Build.0 = Release|Any CPU
		{24043FBD-F2FC-45BE-B3A6-B096B83412A0}.Debug|Any CPU.ActiveCfg = Debug|Any CPU
		{24043FBD-F2FC-45BE-B3A6-B096B83412A0}.Debug|Any CPU.Build.0 = Debug|Any CPU
		{24043FBD-F2FC-45BE-B3A6-B096B83412A0}.Release|Any CPU.ActiveCfg = Release|Any CPU
		{24043FBD-F2FC-45BE-B3A6-B096B83412A0}.Release|Any CPU.Build.0 = Release|Any CPU
	EndGlobalSection
	GlobalSection(SolutionProperties) = preSolution
		HideSolutionNode = FALSE
	EndGlobalSection
	GlobalSection(ExtensibilityGlobals) = postSolution
		SolutionGuid = {C6B1499D-5928-401B-B866-958821716E5C}
	EndGlobalSection
EndGlobal
